
Microsoft Visual Studio Solution File, Format Version 12.00
# Visual Studio Version 17
VisualStudioVersion = 17.5.33414.496
MinimumVisualStudioVersion = 10.0.40219.1
Project("{9A19103F-16F7-4668-BE54-9A1E7A4F7556}") = "SEPAstanaItStep", "SEPAstanaItStep\SEPAstanaItStep.csproj", "{35C5641B-AC30-472C-8EB0-E5B53EE5E025}"
EndProject
Global
	GlobalSection(SolutionConfigurationPlatforms) = preSolution
		Debug|Any CPU = Debug|Any CPU
		Release|Any CPU = Release|Any CPU
	EndGlobalSection
	GlobalSection(ProjectConfigurationPlatforms) = postSolution
		{35C5641B-AC30-472C-8EB0-E5B53EE5E025}.Debug|Any CPU.ActiveCfg = Debug|Any CPU
		{35C5641B-AC30-472C-8EB0-E5B53EE5E025}.Debug|Any CPU.Build.0 = Debug|Any CPU
		{35C5641B-AC30-472C-8EB0-E5B53EE5E025}.Release|Any CPU.ActiveCfg = Release|Any CPU
		{35C5641B-AC30-472C-8EB0-E5B53EE5E025}.Release|Any CPU.Build.0 = Release|Any CPU
	EndGlobalSection
	GlobalSection(SolutionProperties) = preSolution
		HideSolutionNode = FALSE
	EndGlobalSection
	GlobalSection(ExtensibilityGlobals) = postSolution
		SolutionGuid = {D70AB636-5F9D-49B7-AB98-C94E03144DAE}
	EndGlobalSection
EndGlobal
